Microsoft Visual Studio Solution File, Format Version 12.00
# Visual Studio Version 17
VisualStudioVersion = 17.12.35527.113 d17.12
MinimumVisualStudioVersion = 10.0.40219.1
Project("{FAE04EC0-301F-11D3-BF4B-00C04F79EFBC}") = "LocalModelAspireApp.AppHost", "LocalModelAspireApp.AppHost\LocalModelAspireApp.AppHost.csproj", "{3489E49A-3F1F-4918-8FF9-AB6886001C0C}"
EndProject
Project("{FAE04EC0-301F-11D3-BF4B-00C04F79EFBC}") = "LocalModelAspireApp.ServiceDefaults", "LocalModelAspireApp.ServiceDefaults\LocalModelAspireApp.ServiceDefaults.csproj", "{E33F9A04-0DD9-472D-980D-CA4F32B1CB74}"
EndProject
Project("{FAE04EC0-301F-11D3-BF4B-00C04F79EFBC}") = "LocalModelAspireApp.ApiService", "LocalModelAspireApp.ApiService\LocalModelAspireApp.ApiService.csproj", "{1ED97034-B501-4F0D-A23E-92510AB98C8C}"
EndProject
Project("{FAE04EC0-301F-11D3-BF4B-00C04F79EFBC}") = "LocalModelAspireApp.Web", "LocalModelAspireApp.Web\LocalModelAspireApp.Web.csproj", "{94DA695D-91C7-41D5-B079-E7B0C08B8749}"
EndProject
Global
	GlobalSection(SolutionConfigurationPlatforms) = preSolution
		Debug|Any CPU = Debug|Any CPU
		Release|Any CPU = Release|Any CPU
	EndGlobalSection
	GlobalSection(ProjectConfigurationPlatforms) = postSolution
		{3489E49A-3F1F-4918-8FF9-AB6886001C0C}.Debug|Any CPU.ActiveCfg = Debug|Any CPU
		{3489E49A-3F1F-4918-8FF9-AB6886001C0C}.Debug|Any CPU.Build.0 = Debug|Any CPU
		{3489E49A-3F1F-4918-8FF9-AB6886001C0C}.Release|Any CPU.ActiveCfg = Release|Any CPU
		{3489E49A-3F1F-4918-8FF9-AB6886001C0C}.Release|Any CPU.Build.0 = Release|Any CPU
		{E33F9A04-0DD9-472D-980D-CA4F32B1CB74}.Debug|Any CPU.ActiveCfg = Debug|Any CPU
		{E33F9A04-0DD9-472D-980D-CA4F32B1CB74}.Debug|Any CPU.Build.0 = Debug|Any CPU
		{E33F9A04-0DD9-472D-980D-CA4F32B1CB74}.Release|Any CPU.ActiveCfg = Release|Any CPU
		{E33F9A04-0DD9-472D-980D-CA4F32B1CB74}.Release|Any CPU.Build.0 = Release|Any CPU
		{1ED97034-B501-4F0D-A23E-92510AB98C8C}.Debug|Any CPU.ActiveCfg = Debug|Any CPU
		{1ED97034-B501-4F0D-A23E-92510AB98C8C}.Debug|Any CPU.Build.0 = Debug|Any CPU
		{1ED97034-B501-4F0D-A23E-92510AB98C8C}.Release|Any CPU.ActiveCfg = Release|Any CPU
		{1ED97034-B501-4F0D-A23E-92510AB98C8C}.Release|Any CPU.Build.0 = Release|Any CPU
		{94DA695D-91C7-41D5-B079-E7B0C08B8749}.Debug|Any CPU.ActiveCfg = Debug|Any CPU
		{94DA695D-91C7-41D5-B079-E7B0C08B8749}.Debug|Any CPU.Build.0 = Debug|Any CPU
		{94DA695D-91C7-41D5-B079-E7B0C08B8749}.Release|Any CPU.ActiveCfg = Release|Any CPU
		{94DA695D-91C7-41D5-B079-E7B0C08B8749}.Release|Any CPU.Build.0 = Release|Any CPU
	EndGlobalSection
	GlobalSection(SolutionProperties) = preSolution
		HideSolutionNode = FALSE
	EndGlobalSection
EndGlobal
